
Microsoft Visual Studio Solution File, Format Version 12.00
# Visual Studio Version 16
VisualStudioVersion = 16.0.30517.126
MinimumVisualStudioVersion = 10.0.40219.1
Project("{FAE04EC0-301F-11D3-BF4B-00C04F79EFBC}") = "ATV11", "ATV11\ATV11.csproj", "{DF475D94-FBC9-42F3-8FD9-FAD5D75336D7}"
EndProject
Global
	GlobalSection(SolutionConfigurationPlatforms) = preSolution
		Debug|Any CPU = Debug|Any CPU
		Release|Any CPU = Release|Any CPU
	EndGlobalSection
	GlobalSection(ProjectConfigurationPlatforms) = postSolution
		{DF475D94-FBC9-42F3-8FD9-FAD5D75336D7}.Debug|Any CPU.ActiveCfg = Debug|Any CPU
		{DF475D94-FBC9-42F3-8FD9-FAD5D75336D7}.Debug|Any CPU.Build.0 = Debug|Any CPU
		{DF475D94-FBC9-42F3-8FD9-FAD5D75336D7}.Release|Any CPU.ActiveCfg = Release|Any CPU
		{DF475D94-FBC9-42F3-8FD9-FAD5D75336D7}.Release|Any CPU.Build.0 = Release|Any CPU
	EndGlobalSection
	GlobalSection(SolutionProperties) = preSolution
		HideSolutionNode = FALSE
	EndGlobalSection
	GlobalSection(ExtensibilityGlobals) = postSolution
		SolutionGuid = {3D2DB907-D00B-44CB-953A-98B3A9E61EDE}
	EndGlobalSection
EndGlobal
