
Microsoft Visual Studio Solution File, Format Version 12.00
# Visual Studio Version 16
VisualStudioVersion = 16.0.30517.126
MinimumVisualStudioVersion = 10.0.40219.1
Project("{FAE04EC0-301F-11D3-BF4B-00C04F79EFBC}") = "ATV13", "ATV13\ATV13.csproj", "{87A4A8FD-F2CA-470B-BF7F-BF1B0C5DA1FF}"
EndProject
Global
	GlobalSection(SolutionConfigurationPlatforms) = preSolution
		Debug|Any CPU = Debug|Any CPU
		Release|Any CPU = Release|Any CPU
	EndGlobalSection
	GlobalSection(ProjectConfigurationPlatforms) = postSolution
		{87A4A8FD-F2CA-470B-BF7F-BF1B0C5DA1FF}.Debug|Any CPU.ActiveCfg = Debug|Any CPU
		{87A4A8FD-F2CA-470B-BF7F-BF1B0C5DA1FF}.Debug|Any CPU.Build.0 = Debug|Any CPU
		{87A4A8FD-F2CA-470B-BF7F-BF1B0C5DA1FF}.Release|Any CPU.ActiveCfg = Release|Any CPU
		{87A4A8FD-F2CA-470B-BF7F-BF1B0C5DA1FF}.Release|Any CPU.Build.0 = Release|Any CPU
	EndGlobalSection
	GlobalSection(SolutionProperties) = preSolution
		HideSolutionNode = FALSE
	EndGlobalSection
	GlobalSection(ExtensibilityGlobals) = postSolution
		SolutionGuid = {A0FDC18E-9FA2-48AC-A313-95926A820A80}
	EndGlobalSection
EndGlobal
