
Microsoft Visual Studio Solution File, Format Version 12.00
# Visual Studio Version 16
VisualStudioVersion = 16.0.30517.126
MinimumVisualStudioVersion = 10.0.40219.1
Project("{FAE04EC0-301F-11D3-BF4B-00C04F79EFBC}") = "ATV19", "ATV19\ATV19.csproj", "{3A90B067-C5D0-46B2-98FC-5B2862EDBF3F}"
EndProject
Global
	GlobalSection(SolutionConfigurationPlatforms) = preSolution
		Debug|Any CPU = Debug|Any CPU
		Release|Any CPU = Release|Any CPU
	EndGlobalSection
	GlobalSection(ProjectConfigurationPlatforms) = postSolution
		{3A90B067-C5D0-46B2-98FC-5B2862EDBF3F}.Debug|Any CPU.ActiveCfg = Debug|Any CPU
		{3A90B067-C5D0-46B2-98FC-5B2862EDBF3F}.Debug|Any CPU.Build.0 = Debug|Any CPU
		{3A90B067-C5D0-46B2-98FC-5B2862EDBF3F}.Release|Any CPU.ActiveCfg = Release|Any CPU
		{3A90B067-C5D0-46B2-98FC-5B2862EDBF3F}.Release|Any CPU.Build.0 = Release|Any CPU
	EndGlobalSection
	GlobalSection(SolutionProperties) = preSolution
		HideSolutionNode = FALSE
	EndGlobalSection
	GlobalSection(ExtensibilityGlobals) = postSolution
		SolutionGuid = {D9D2C02B-841B-4A7C-8B5F-1E10463D0A53}
	EndGlobalSection
EndGlobal
