
Microsoft Visual Studio Solution File, Format Version 12.00
# Visual Studio Version 16
VisualStudioVersion = 16.0.30517.126
MinimumVisualStudioVersion = 10.0.40219.1
Project("{FAE04EC0-301F-11D3-BF4B-00C04F79EFBC}") = "ATV8", "ATV8\ATV8.csproj", "{73EA4AA9-3CBA-4934-A01F-789595D461F2}"
EndProject
Global
	GlobalSection(SolutionConfigurationPlatforms) = preSolution
		Debug|Any CPU = Debug|Any CPU
		Release|Any CPU = Release|Any CPU
	EndGlobalSection
	GlobalSection(ProjectConfigurationPlatforms) = postSolution
		{73EA4AA9-3CBA-4934-A01F-789595D461F2}.Debug|Any CPU.ActiveCfg = Debug|Any CPU
		{73EA4AA9-3CBA-4934-A01F-789595D461F2}.Debug|Any CPU.Build.0 = Debug|Any CPU
		{73EA4AA9-3CBA-4934-A01F-789595D461F2}.Release|Any CPU.ActiveCfg = Release|Any CPU
		{73EA4AA9-3CBA-4934-A01F-789595D461F2}.Release|Any CPU.Build.0 = Release|Any CPU
	EndGlobalSection
	GlobalSection(SolutionProperties) = preSolution
		HideSolutionNode = FALSE
	EndGlobalSection
	GlobalSection(ExtensibilityGlobals) = postSolution
		SolutionGuid = {DBB1EA9D-DE37-4BDC-A960-22C1720E58D7}
	EndGlobalSection
EndGlobal
