
Microsoft Visual Studio Solution File, Format Version 12.00
# Visual Studio Version 16
VisualStudioVersion = 16.0.30517.126
MinimumVisualStudioVersion = 10.0.40219.1
Project("{FAE04EC0-301F-11D3-BF4B-00C04F79EFBC}") = "ATV27", "ATV27\ATV27.csproj", "{8C1E47FF-58AE-4A29-A42F-13478136A7ED}"
EndProject
Global
	GlobalSection(SolutionConfigurationPlatforms) = preSolution
		Debug|Any CPU = Debug|Any CPU
		Release|Any CPU = Release|Any CPU
	EndGlobalSection
	GlobalSection(ProjectConfigurationPlatforms) = postSolution
		{8C1E47FF-58AE-4A29-A42F-13478136A7ED}.Debug|Any CPU.ActiveCfg = Debug|Any CPU
		{8C1E47FF-58AE-4A29-A42F-13478136A7ED}.Debug|Any CPU.Build.0 = Debug|Any CPU
		{8C1E47FF-58AE-4A29-A42F-13478136A7ED}.Release|Any CPU.ActiveCfg = Release|Any CPU
		{8C1E47FF-58AE-4A29-A42F-13478136A7ED}.Release|Any CPU.Build.0 = Release|Any CPU
	EndGlobalSection
	GlobalSection(SolutionProperties) = preSolution
		HideSolutionNode = FALSE
	EndGlobalSection
	GlobalSection(ExtensibilityGlobals) = postSolution
		SolutionGuid = {516F029D-F8BB-4DBC-9003-C77D3F52916C}
	EndGlobalSection
EndGlobal
