
Microsoft Visual Studio Solution File, Format Version 12.00
# Visual Studio Version 16
VisualStudioVersion = 16.0.30517.126
MinimumVisualStudioVersion = 10.0.40219.1
Project("{FAE04EC0-301F-11D3-BF4B-00C04F79EFBC}") = "ATV7", "ATV7\ATV7.csproj", "{113BDEFB-D604-4CE1-9CE3-BE35541483CA}"
EndProject
Global
	GlobalSection(SolutionConfigurationPlatforms) = preSolution
		Debug|Any CPU = Debug|Any CPU
		Release|Any CPU = Release|Any CPU
	EndGlobalSection
	GlobalSection(ProjectConfigurationPlatforms) = postSolution
		{113BDEFB-D604-4CE1-9CE3-BE35541483CA}.Debug|Any CPU.ActiveCfg = Debug|Any CPU
		{113BDEFB-D604-4CE1-9CE3-BE35541483CA}.Debug|Any CPU.Build.0 = Debug|Any CPU
		{113BDEFB-D604-4CE1-9CE3-BE35541483CA}.Release|Any CPU.ActiveCfg = Release|Any CPU
		{113BDEFB-D604-4CE1-9CE3-BE35541483CA}.Release|Any CPU.Build.0 = Release|Any CPU
	EndGlobalSection
	GlobalSection(SolutionProperties) = preSolution
		HideSolutionNode = FALSE
	EndGlobalSection
	GlobalSection(ExtensibilityGlobals) = postSolution
		SolutionGuid = {2060080E-7F1C-4F95-9A2C-3CC69C67D862}
	EndGlobalSection
EndGlobal
