
Microsoft Visual Studio Solution File, Format Version 12.00
# Visual Studio Version 16
VisualStudioVersion = 16.0.30517.126
MinimumVisualStudioVersion = 10.0.40219.1
Project("{FAE04EC0-301F-11D3-BF4B-00C04F79EFBC}") = "ATV26", "ATV26\ATV26.csproj", "{B7340822-BD88-43CE-81C8-E9B861CA51D3}"
EndProject
Global
	GlobalSection(SolutionConfigurationPlatforms) = preSolution
		Debug|Any CPU = Debug|Any CPU
		Release|Any CPU = Release|Any CPU
	EndGlobalSection
	GlobalSection(ProjectConfigurationPlatforms) = postSolution
		{B7340822-BD88-43CE-81C8-E9B861CA51D3}.Debug|Any CPU.ActiveCfg = Debug|Any CPU
		{B7340822-BD88-43CE-81C8-E9B861CA51D3}.Debug|Any CPU.Build.0 = Debug|Any CPU
		{B7340822-BD88-43CE-81C8-E9B861CA51D3}.Release|Any CPU.ActiveCfg = Release|Any CPU
		{B7340822-BD88-43CE-81C8-E9B861CA51D3}.Release|Any CPU.Build.0 = Release|Any CPU
	EndGlobalSection
	GlobalSection(SolutionProperties) = preSolution
		HideSolutionNode = FALSE
	EndGlobalSection
	GlobalSection(ExtensibilityGlobals) = postSolution
		SolutionGuid = {0BB423EA-94DF-4AE9-B4EF-7FABD9AC1AE9}
	EndGlobalSection
EndGlobal
